<?xml version="1.0" encoding="utf-8"?>
<Project ToolsVersion="4.0" xmlns="http://schemas.microsoft.com/developer/msbuild/2003">
  <ItemGroup>
    <Filter Include="Source Files">
      <UniqueIdentifier>{4FC737F1-C7A5-4376-A066-2A32D752A2FF}</UniqueIdentifier>
      <Extensions>cpp;c;cc;cxx;c++;cppm;ixx;def;odl;idl;hpj;bat;asm;asmx</Extensions>
    </Filter>
    <Filter Include="SGDK">
      <UniqueIdentifier>{3810f8e0-a281-42bb-af09-aab61c344848}</UniqueIdentifier>
    </Filter>
    <Filter Include="Source Files\client">
      <UniqueIdentifier>{9d9d7ba4-3c91-452a-a578-01e173ebf998}</UniqueIdentifier>
    </Filter>
    <Filter Include="Source Files\engine">
      <UniqueIdentifier>{9734800b-ebc0-4fd1-a122-27618012852c}</UniqueIdentifier>
    </Filter>
    <Filter Include="build">
      <UniqueIdentifier>{df40eeb1-2c32-4fed-91ef-ed769b9a9179}</UniqueIdentifier>
    </Filter>
    <Filter Include="Source Files\Genesis">
      <UniqueIdentifier>{566db3b1-11da-4abc-b9b4-85a164bfc70f}</UniqueIdentifier>
    </Filter>
    <Filter Include="Source Files\client\exported">
      <UniqueIdentifier>{0a7639e3-8f73-4a86-96dc-6ba9bb6d1f46}</UniqueIdentifier>
    </Filter>
    <Filter Include="Source Files\client\exported\animations">
      <UniqueIdentifier>{d6842396-0cc2-476a-a4e7-8cf7c08f2729}</UniqueIdentifier>
    </Filter>
    <Filter Include="Source Files\client\exported\palettes">
      <UniqueIdentifier>{a18c2c46-f0df-428d-ae10-e30b1e9a7f06}</UniqueIdentifier>
    </Filter>
    <Filter Include="Source Files\client\generated">
      <UniqueIdentifier>{a09bc2e3-e807-4c8e-812d-00f311498423}</UniqueIdentifier>
    </Filter>
    <Filter Include="Source Files\client\generated\tilesets">
      <UniqueIdentifier>{290a8f8e-4c37-4ea8-82b3-b1dfd26fd36c}</UniqueIdentifier>
    </Filter>
    <Filter Include="Source Files\client\exported\maps">
      <UniqueIdentifier>{9bc1ba36-6f24-402c-ac43-c6b2caa7b20e}</UniqueIdentifier>
    </Filter>
    <Filter Include="Source Files\engine\commands">
      <UniqueIdentifier>{1b9fd081-09ea-42e6-81c7-65acb28eaff4}</UniqueIdentifier>
    </Filter>
  </ItemGroup>
  <ItemGroup>
    <ClInclude Include="..\..\..\..\sgdk200\inc\bmp.h">
      <Filter>SGDK</Filter>
    </ClInclude>
    <ClInclude Include="..\..\..\..\sgdk200\inc\config.h">
      <Filter>SGDK</Filter>
    </ClInclude>
    <ClInclude Include="..\..\..\..\sgdk200\inc\dma.h">
      <Filter>SGDK</Filter>
    </ClInclude>
    <ClInclude Include="..\..\..\..\sgdk200\inc\font.h">
      <Filter>SGDK</Filter>
    </ClInclude>
    <ClInclude Include="..\..\..\..\sgdk200\inc\genesis.h">
      <Filter>SGDK</Filter>
    </ClInclude>
    <ClInclude Include="..\..\..\..\sgdk200\inc\joy.h">
      <Filter>SGDK</Filter>
    </ClInclude>
    <ClInclude Include="..\..\..\..\sgdk200\inc\kdebug.h">
      <Filter>SGDK</Filter>
    </ClInclude>
    <ClInclude Include="..\..\..\..\sgdk200\inc\map.h">
      <Filter>SGDK</Filter>
    </ClInclude>
    <ClInclude Include="..\..\..\..\sgdk200\inc\mapper.h">
      <Filter>SGDK</Filter>
    </ClInclude>
    <ClInclude Include="..\..\..\..\sgdk200\inc\maths.h">
      <Filter>SGDK</Filter>
    </ClInclude>
    <ClInclude Include="..\..\..\..\sgdk200\inc\maths3D.h">
      <Filter>SGDK</Filter>
    </ClInclude>
    <ClInclude Include="..\..\..\..\sgdk200\inc\memory.h">
      <Filter>SGDK</Filter>
    </ClInclude>
    <ClInclude Include="..\..\..\..\sgdk200\inc\memory_base.h">
      <Filter>SGDK</Filter>
    </ClInclude>
    <ClInclude Include="..\..\..\..\sgdk200\inc\object.h">
      <Filter>SGDK</Filter>
    </ClInclude>
    <ClInclude Include="..\..\..\..\sgdk200\inc\pal.h">
      <Filter>SGDK</Filter>
    </ClInclude>
    <ClInclude Include="..\..\..\..\sgdk200\inc\pool.h">
      <Filter>SGDK</Filter>
    </ClInclude>
    <ClInclude Include="..\..\..\..\sgdk200\inc\psg.h">
      <Filter>SGDK</Filter>
    </ClInclude>
    <ClInclude Include="..\..\..\..\sgdk200\inc\sprite_eng.h">
      <Filter>SGDK</Filter>
    </ClInclude>
    <ClInclude Include="..\..\..\..\sgdk200\inc\sprite_eng_legacy.h">
      <Filter>SGDK</Filter>
    </ClInclude>
    <ClInclude Include="..\..\..\..\sgdk200\inc\sram.h">
      <Filter>SGDK</Filter>
    </ClInclude>
    <ClInclude Include="..\..\..\..\sgdk200\inc\string.h">
      <Filter>SGDK</Filter>
    </ClInclude>
    <ClInclude Include="..\..\..\..\sgdk200\inc\sys.h">
      <Filter>SGDK</Filter>
    </ClInclude>
    <ClInclude Include="..\..\..\..\sgdk200\inc\tab_cnv.h">
      <Filter>SGDK</Filter>
    </ClInclude>
    <ClInclude Include="..\..\..\..\sgdk200\inc\task.h">
      <Filter>SGDK</Filter>
    </ClInclude>
    <ClInclude Include="..\..\..\..\sgdk200\inc\task_cst.h">
      <Filter>SGDK</Filter>
    </ClInclude>
    <ClInclude Include="..\..\..\..\sgdk200\inc\timer.h">
      <Filter>SGDK</Filter>
    </ClInclude>
    <ClInclude Include="..\..\..\..\sgdk200\inc\tools.h">
      <Filter>SGDK</Filter>
    </ClInclude>
    <ClInclude Include="..\..\..\..\sgdk200\inc\types.h">
      <Filter>SGDK</Filter>
    </ClInclude>
    <ClInclude Include="..\..\..\..\sgdk200\inc\vdp.h">
      <Filter>SGDK</Filter>
    </ClInclude>
    <ClInclude Include="..\..\..\..\sgdk200\inc\vdp_bg.h">
      <Filter>SGDK</Filter>
    </ClInclude>
    <ClInclude Include="..\..\..\..\sgdk200\inc\vdp_pal.h">
      <Filter>SGDK</Filter>
    </ClInclude>
    <ClInclude Include="..\..\..\..\sgdk200\inc\vdp_spr.h">
      <Filter>SGDK</Filter>
    </ClInclude>
    <ClInclude Include="..\..\..\..\sgdk200\inc\vdp_tile.h">
      <Filter>SGDK</Filter>
    </ClInclude>
    <ClInclude Include="..\..\..\..\sgdk200\inc\vram.h">
      <Filter>SGDK</Filter>
    </ClInclude>
    <ClInclude Include="..\..\..\..\sgdk200\inc\ym2612.h">
      <Filter>SGDK</Filter>
    </ClInclude>
    <ClInclude Include="..\..\..\..\sgdk200\inc\z80_ctrl.h">
      <Filter>SGDK</Filter>
    </ClInclude>
    <ClInclude Include="..\..\..\..\sgdk200\inc\asm.h">
      <Filter>SGDK</Filter>
    </ClInclude>
    <ClInclude Include="..\source\engine\FrameTriggers.h">
      <Filter>Source Files\engine</Filter>
    </ClInclude>
    <ClInclude Include="..\source\engine\palette_types.h">
      <Filter>Source Files\engine</Filter>
    </ClInclude>
    <ClInclude Include="..\source\engine\resource_types.h">
      <Filter>Source Files\engine</Filter>
    </ClInclude>
    <ClInclude Include="..\source\engine\vdp_types.h">
      <Filter>Source Files\engine</Filter>
    </ClInclude>
    <ClInclude Include="..\source\client\exported\animations\ruby.h">
      <Filter>Source Files\client\exported\animations</Filter>
    </ClInclude>
    <ClInclude Include="..\source\client\exported\palettes\global_palette.h">
      <Filter>Source Files\client\exported\palettes</Filter>
    </ClInclude>
    <ClInclude Include="..\source\client\generated\tilesets\field_tileset.h">
      <Filter>Source Files\client\generated\tilesets</Filter>
    </ClInclude>
    <ClInclude Include="..\source\engine\map_types.h">
      <Filter>Source Files\engine</Filter>
    </ClInclude>
    <ClInclude Include="..\source\client\exported\maps\field.h">
      <Filter>Source Files\client\exported\maps</Filter>
    </ClInclude>
    <ClInclude Include="..\source\client\ai_commands.h" />
    <ClInclude Include="..\source\client\exported\animations\bullet.h" />
    <ClInclude Include="..\source\client\exported\animations\deliveryrobot.h" />
    <ClInclude Include="..\source\client\exported\animations\enemy_bullet.h" />
    <ClInclude Include="..\source\client\exported\animations\explosion.h" />
    <ClInclude Include="..\source\client\exported\animations\impact.h" />
    <ClInclude Include="..\source\client\exported\animations\robotrunner.h" />
    <ClInclude Include="..\source\client\exported\animations\robotspring.h" />
    <ClInclude Include="..\source\client\exported\animations\shotgun.h" />
    <ClInclude Include="..\source\client\exported\animations\shotgun_item.h" />
    <ClInclude Include="..\source\client\exported\animations\threeshotflyer.h" />
    <ClInclude Include="..\source\client\exported\animations\walker.h" />
    <ClInclude Include="..\source\client\exported\animations\walker_big.h" />
    <ClInclude Include="..\source\client\exported\animations\walker_small.h" />
    <ClInclude Include="..\source\client\exported\animations\wheeler.h" />
    <ClInclude Include="..\source\client\exported\scenes\scene003.h" />
    <ClInclude Include="..\source\client\gameobjects\basic_effect.h" />
    <ClInclude Include="..\source\client\gameobjects\bullet.h" />
    <ClInclude Include="..\source\client\gameobjects\commandrunner_rightscroll.h" />
    <ClInclude Include="..\source\client\gameobjects\deliveryrobot.h" />
    <ClInclude Include="..\source\client\gameobjects\enemy.h" />
    <ClInclude Include="..\source\client\gameobjects\on_resource_loaded_callback.h" />
    <ClInclude Include="..\source\client\gameobjects\particle_effect.h" />
    <ClInclude Include="..\source\client\gameobjects\player.h" />
    <ClInclude Include="..\source\client\gameobjects\right_scroller.h" />
    <ClInclude Include="..\source\client\gameobjects\shotgun.h" />
    <ClInclude Include="..\source\client\gameobjects\shotgun_item.h" />
    <ClInclude Include="..\source\client\gameobjects\threeshotflyer.h" />
    <ClInclude Include="..\source\client\gameobjects\wheeler.h" />
    <ClInclude Include="..\source\client\generated\gameobjecttemplates\colortweaker_template.h" />
    <ClInclude Include="..\source\client\generated\gameobjecttemplates\deliveryrobot_template.h" />
    <ClInclude Include="..\source\client\generated\gameobjecttemplates\gameobject_templates.h" />
    <ClInclude Include="..\source\client\generated\gameobjecttemplates\shotgun_item_template.h" />
    <ClInclude Include="..\source\client\generated\gameobjecttemplates\threeshotflyer_template.h" />
    <ClInclude Include="..\source\client\generated\gameobjecttemplates\wheeler_template.h" />
    <ClInclude Include="..\source\client\generated\resources.h" />
    <ClInclude Include="..\source\client\managers\physics_manager.h" />
    <ClInclude Include="..\source\client\managers\weapon_manager.h" />
    <ClInclude Include="..\source\client\motion_sequence.h" />
    <ClInclude Include="..\source\engine\animation_types.h" />
    <ClInclude Include="..\source\engine\animation_utils.h" />
    <ClInclude Include="..\source\engine\base_defines.h" />
    <ClInclude Include="..\source\engine\base_types.h" />
    <ClInclude Include="..\source\engine\commandrunner_runall.h" />
    <ClInclude Include="..\source\engine\commands\background_commands.h" />
    <ClInclude Include="..\source\engine\commands\set_palette_commands.h" />
    <ClInclude Include="..\source\engine\command_manager.h" />
    <ClInclude Include="..\source\engine\command_types.h" />
    <ClInclude Include="..\source\engine\createinfo_types.h" />
    <ClInclude Include="..\source\engine\draw_utils.h" />
    <ClInclude Include="..\source\engine\gameobject_template_types.h" />
    <ClInclude Include="..\source\engine\joystick_manager.h" />
    <ClInclude Include="..\source\engine\map_load.h" />
    <ClInclude Include="..\source\engine\math_utils.h" />
    <ClInclude Include="..\source\engine\object_manager.h" />
    <ClInclude Include="..\source\engine\object_manager_create.h" />
    <ClInclude Include="..\source\engine\object_manager_slots.h" />
    <ClInclude Include="..\source\engine\object_manager_vdp.h" />
    <ClInclude Include="..\source\engine\object_types.h" />
    <ClInclude Include="..\source\engine\object_utils.h" />
    <ClInclude Include="..\source\engine\resource_manager.h" />
    <ClInclude Include="..\source\engine\scene_manager.h" />
    <ClInclude Include="..\source\engine\scene_types.h" />
    <ClInclude Include="..\source\engine\scroll_manager.h" />
    <ClInclude Include="..\source\engine\scroll_utils.h" />
    <ClInclude Include="..\source\engine\terrain_manager.h" />
    <ClInclude Include="..\source\engine\vdptile_manager.h" />
    <ClInclude Include="..\source\engine\debug.h">
      <Filter>Source Files\engine</Filter>
    </ClInclude>
    <ClInclude Include="..\source\engine\animation_draw.h">
      <Filter>Source Files\engine</Filter>
    </ClInclude>
    <ClInclude Include="..\source\engine\commands\map_commands.h">
      <Filter>Source Files\engine\commands</Filter>
    </ClInclude>
  </ItemGroup>
  <ItemGroup>
    <ClCompile Include="..\..\..\..\sgdk200\src\dma.c">
      <Filter>SGDK</Filter>
    </ClCompile>
    <ClCompile Include="..\..\..\..\sgdk200\src\joy.c">
      <Filter>SGDK</Filter>
    </ClCompile>
    <ClCompile Include="..\..\..\..\sgdk200\src\map.c">
      <Filter>SGDK</Filter>
    </ClCompile>
    <ClCompile Include="..\..\..\..\sgdk200\src\mapper.c">
      <Filter>SGDK</Filter>
    </ClCompile>
    <ClCompile Include="..\..\..\..\sgdk200\src\maths.c">
      <Filter>SGDK</Filter>
    </ClCompile>
    <ClCompile Include="..\..\..\..\sgdk200\src\maths3D.c">
      <Filter>SGDK</Filter>
    </ClCompile>
    <ClCompile Include="..\..\..\..\sgdk200\src\memory.c">
      <Filter>SGDK</Filter>
    </ClCompile>
    <ClCompile Include="..\..\..\..\sgdk200\src\object.c">
      <Filter>SGDK</Filter>
    </ClCompile>
    <ClCompile Include="..\..\..\..\sgdk200\src\pal.c">
      <Filter>SGDK</Filter>
    </ClCompile>
    <ClCompile Include="..\..\..\..\sgdk200\src\pool.c">
      <Filter>SGDK</Filter>
    </ClCompile>
    <ClCompile Include="..\..\..\..\sgdk200\src\psg.c">
      <Filter>SGDK</Filter>
    </ClCompile>
    <ClCompile Include="..\..\..\..\sgdk200\src\sprite_eng.c">
      <Filter>SGDK</Filter>
    </ClCompile>
    <ClCompile Include="..\..\..\..\sgdk200\src\sprite_eng_legacy.c">
      <Filter>SGDK</Filter>
    </ClCompile>
    <ClCompile Include="..\..\..\..\sgdk200\src\sram.c">
      <Filter>SGDK</Filter>
    </ClCompile>
    <ClCompile Include="..\..\..\..\sgdk200\src\string.c">
      <Filter>SGDK</Filter>
    </ClCompile>
    <ClCompile Include="..\..\..\..\sgdk200\src\sys.c">
      <Filter>SGDK</Filter>
    </ClCompile>
    <ClCompile Include="..\..\..\..\sgdk200\src\tab_cnv.c">
      <Filter>SGDK</Filter>
    </ClCompile>
    <ClCompile Include="..\..\..\..\sgdk200\src\tab_log2.c">
      <Filter>SGDK</Filter>
    </ClCompile>
    <ClCompile Include="..\..\..\..\sgdk200\src\tab_log10.c">
      <Filter>SGDK</Filter>
    </ClCompile>
    <ClCompile Include="..\..\..\..\sgdk200\src\tab_sin.c">
      <Filter>SGDK</Filter>
    </ClCompile>
    <ClCompile Include="..\..\..\..\sgdk200\src\tab_sqrt.c">
      <Filter>SGDK</Filter>
    </ClCompile>
    <ClCompile Include="..\..\..\..\sgdk200\src\timer.c">
      <Filter>SGDK</Filter>
    </ClCompile>
    <ClCompile Include="..\..\..\..\sgdk200\src\tools.c">
      <Filter>SGDK</Filter>
    </ClCompile>
    <ClCompile Include="..\..\..\..\sgdk200\src\types.c">
      <Filter>SGDK</Filter>
    </ClCompile>
    <ClCompile Include="..\..\..\..\sgdk200\src\vdp.c">
      <Filter>SGDK</Filter>
    </ClCompile>
    <ClCompile Include="..\..\..\..\sgdk200\src\vdp_bg.c">
      <Filter>SGDK</Filter>
    </ClCompile>
    <ClCompile Include="..\..\..\..\sgdk200\src\vdp_spr.c">
      <Filter>SGDK</Filter>
    </ClCompile>
    <ClCompile Include="..\..\..\..\sgdk200\src\vdp_tile.c">
      <Filter>SGDK</Filter>
    </ClCompile>
    <ClCompile Include="..\..\..\..\sgdk200\src\vram.c">
      <Filter>SGDK</Filter>
    </ClCompile>
    <ClCompile Include="..\..\..\..\sgdk200\src\ym2612.c">
      <Filter>SGDK</Filter>
    </ClCompile>
    <ClCompile Include="..\..\..\..\sgdk200\src\z80_ctrl.c">
      <Filter>SGDK</Filter>
    </ClCompile>
    <ClCompile Include="..\..\..\..\sgdk200\src\bmp.c">
      <Filter>SGDK</Filter>
    </ClCompile>
    <ClCompile Include="..\source\engine\vdp_types.c">
      <Filter>Source Files\engine</Filter>
    </ClCompile>
    <ClCompile Include="..\source\Genesis\main.c">
      <Filter>Source Files\Genesis</Filter>
    </ClCompile>
    <ClCompile Include="..\source\client\exported\animations\ruby.c">
      <Filter>Source Files\client\exported\animations</Filter>
    </ClCompile>
    <ClCompile Include="..\source\client\exported\palettes\global_palette.c">
      <Filter>Source Files\client\exported\palettes</Filter>
    </ClCompile>
    <ClCompile Include="..\source\client\generated\tilesets\field_tileset.c">
      <Filter>Source Files\client\generated\tilesets</Filter>
    </ClCompile>
    <ClCompile Include="..\source\engine\map_types.c">
      <Filter>Source Files\engine</Filter>
    </ClCompile>
    <ClCompile Include="..\source\client\exported\maps\field.c">
      <Filter>Source Files\client\exported\maps</Filter>
    </ClCompile>
    <ClCompile Include="..\source\client\ai_commands.c">
      <Filter>Source Files</Filter>
    </ClCompile>
    <ClCompile Include="..\source\client\exported\animations\bullet.c">
      <Filter>Source Files</Filter>
    </ClCompile>
    <ClCompile Include="..\source\client\exported\animations\deliveryrobot.c">
      <Filter>Source Files</Filter>
    </ClCompile>
    <ClCompile Include="..\source\client\exported\animations\enemy_bullet.c">
      <Filter>Source Files</Filter>
    </ClCompile>
    <ClCompile Include="..\source\client\exported\animations\explosion.c">
      <Filter>Source Files</Filter>
    </ClCompile>
    <ClCompile Include="..\source\client\exported\animations\impact.c">
      <Filter>Source Files</Filter>
    </ClCompile>
    <ClCompile Include="..\source\client\exported\animations\robotrunner.c">
      <Filter>Source Files</Filter>
    </ClCompile>
    <ClCompile Include="..\source\client\exported\animations\robotspring.c">
      <Filter>Source Files</Filter>
    </ClCompile>
    <ClCompile Include="..\source\client\exported\animations\shotgun.c">
      <Filter>Source Files</Filter>
    </ClCompile>
    <ClCompile Include="..\source\client\exported\animations\shotgun_item.c">
      <Filter>Source Files</Filter>
    </ClCompile>
    <ClCompile Include="..\source\client\exported\animations\threeshotflyer.c">
      <Filter>Source Files</Filter>
    </ClCompile>
    <ClCompile Include="..\source\client\exported\animations\walker.c">
      <Filter>Source Files</Filter>
    </ClCompile>
    <ClCompile Include="..\source\client\exported\animations\walker_big.c">
      <Filter>Source Files</Filter>
    </ClCompile>
    <ClCompile Include="..\source\client\exported\animations\walker_small.c">
      <Filter>Source Files</Filter>
    </ClCompile>
    <ClCompile Include="..\source\client\exported\animations\wheeler.c">
      <Filter>Source Files</Filter>
    </ClCompile>
    <ClCompile Include="..\source\client\exported\scenes\scene003.c">
      <Filter>Source Files</Filter>
    </ClCompile>
    <ClCompile Include="..\source\client\gameobjects\basic_effect.c">
      <Filter>Source Files</Filter>
    </ClCompile>
    <ClCompile Include="..\source\client\gameobjects\bullet.c">
      <Filter>Source Files</Filter>
    </ClCompile>
    <ClCompile Include="..\source\client\gameobjects\commandrunner_rightscroll.c">
      <Filter>Source Files</Filter>
    </ClCompile>
    <ClCompile Include="..\source\client\gameobjects\deliveryrobot.c">
      <Filter>Source Files</Filter>
    </ClCompile>
    <ClCompile Include="..\source\client\gameobjects\enemy.c">
      <Filter>Source Files</Filter>
    </ClCompile>
    <ClCompile Include="..\source\client\gameobjects\on_resource_loaded_callback.c">
      <Filter>Source Files</Filter>
    </ClCompile>
    <ClCompile Include="..\source\client\gameobjects\particle_effect.c">
      <Filter>Source Files</Filter>
    </ClCompile>
    <ClCompile Include="..\source\client\gameobjects\player.c">
      <Filter>Source Files</Filter>
    </ClCompile>
    <ClCompile Include="..\source\client\gameobjects\right_scroller.c">
      <Filter>Source Files</Filter>
    </ClCompile>
    <ClCompile Include="..\source\client\gameobjects\shotgun.c">
      <Filter>Source Files</Filter>
    </ClCompile>
    <ClCompile Include="..\source\client\gameobjects\shotgun_item.c">
      <Filter>Source Files</Filter>
    </ClCompile>
    <ClCompile Include="..\source\client\gameobjects\threeshotflyer.c">
      <Filter>Source Files</Filter>
    </ClCompile>
    <ClCompile Include="..\source\client\gameobjects\wheeler.c">
      <Filter>Source Files</Filter>
    </ClCompile>
    <ClCompile Include="..\source\client\generated\gameobjecttemplates\bullet_template.c">
      <Filter>Source Files</Filter>
    </ClCompile>
    <ClCompile Include="..\source\client\generated\gameobjecttemplates\colortweaker_template.c">
      <Filter>Source Files</Filter>
    </ClCompile>
    <ClCompile Include="..\source\client\generated\gameobjecttemplates\commandrunner_rightscroll_template.c">
      <Filter>Source Files</Filter>
    </ClCompile>
    <ClCompile Include="..\source\client\generated\gameobjecttemplates\deliveryrobot_template.c">
      <Filter>Source Files</Filter>
    </ClCompile>
    <ClCompile Include="..\source\client\generated\gameobjecttemplates\enemy_bullet_template.c">
      <Filter>Source Files</Filter>
    </ClCompile>
    <ClCompile Include="..\source\client\generated\gameobjecttemplates\explosion_template.c">
      <Filter>Source Files</Filter>
    </ClCompile>
    <ClCompile Include="..\source\client\generated\gameobjecttemplates\gun_girl_template.c">
      <Filter>Source Files</Filter>
    </ClCompile>
    <ClCompile Include="..\source\client\generated\gameobjecttemplates\impact_template.c">
      <Filter>Source Files</Filter>
    </ClCompile>
    <ClCompile Include="..\source\client\generated\gameobjecttemplates\kunai_template.c">
      <Filter>Source Files</Filter>
    </ClCompile>
    <ClCompile Include="..\source\client\generated\gameobjecttemplates\robotrunner_template.c">
      <Filter>Source Files</Filter>
    </ClCompile>
    <ClCompile Include="..\source\client\generated\gameobjecttemplates\robotspring_template.c">
      <Filter>Source Files</Filter>
    </ClCompile>
    <ClCompile Include="..\source\client\generated\gameobjecttemplates\rock_particle_template.c">
      <Filter>Source Files</Filter>
    </ClCompile>
    <ClCompile Include="..\source\client\generated\gameobjecttemplates\shotgun_item_template.c">
      <Filter>Source Files</Filter>
    </ClCompile>
    <ClCompile Include="..\source\client\generated\gameobjecttemplates\shotgun_template.c">
      <Filter>Source Files</Filter>
    </ClCompile>
    <ClCompile Include="..\source\client\generated\gameobjecttemplates\test_block_template.c">
      <Filter>Source Files</Filter>
    </ClCompile>
    <ClCompile Include="..\source\client\generated\gameobjecttemplates\threeshotflyer_template.c">
      <Filter>Source Files</Filter>
    </ClCompile>
    <ClCompile Include="..\source\client\generated\gameobjecttemplates\walker_big_template.c">
      <Filter>Source Files</Filter>
    </ClCompile>
    <ClCompile Include="..\source\client\generated\gameobjecttemplates\walker_small_template.c">
      <Filter>Source Files</Filter>
    </ClCompile>
    <ClCompile Include="..\source\client\generated\gameobjecttemplates\walker_template.c">
      <Filter>Source Files</Filter>
    </ClCompile>
    <ClCompile Include="..\source\client\generated\gameobjecttemplates\wheeler_template.c">
      <Filter>Source Files</Filter>
    </ClCompile>
    <ClCompile Include="..\source\client\managers\physics_manager.c">
      <Filter>Source Files</Filter>
    </ClCompile>
    <ClCompile Include="..\source\client\managers\weapon_manager.c">
      <Filter>Source Files</Filter>
    </ClCompile>
    <ClCompile Include="..\source\client\motion_sequence.c">
      <Filter>Source Files</Filter>
    </ClCompile>
    <ClCompile Include="..\source\engine\commandrunner_runall.c">
      <Filter>Source Files</Filter>
    </ClCompile>
    <ClCompile Include="..\source\engine\commands\set_palette_commands.c">
      <Filter>Source Files</Filter>
    </ClCompile>
    <ClCompile Include="..\source\engine\command_manager.c">
      <Filter>Source Files</Filter>
    </ClCompile>
    <ClCompile Include="..\source\engine\command_types.c">
      <Filter>Source Files</Filter>
    </ClCompile>
    <ClCompile Include="..\source\engine\draw_utils.c">
      <Filter>Source Files</Filter>
    </ClCompile>
    <ClCompile Include="..\source\engine\joystick_manager.c">
      <Filter>Source Files</Filter>
    </ClCompile>
    <ClCompile Include="..\source\engine\map_load.c">
      <Filter>Source Files</Filter>
    </ClCompile>
    <ClCompile Include="..\source\engine\object_manager.c">
      <Filter>Source Files</Filter>
    </ClCompile>
    <ClCompile Include="..\source\engine\object_manager_create.c">
      <Filter>Source Files</Filter>
    </ClCompile>
    <ClCompile Include="..\source\engine\object_manager_slots.c">
      <Filter>Source Files</Filter>
    </ClCompile>
    <ClCompile Include="..\source\engine\object_manager_vdp.c">
      <Filter>Source Files</Filter>
    </ClCompile>
    <ClCompile Include="..\source\engine\object_utils.c">
      <Filter>Source Files</Filter>
    </ClCompile>
    <ClCompile Include="..\source\engine\resource_manager.c">
      <Filter>Source Files</Filter>
    </ClCompile>
    <ClCompile Include="..\source\engine\scene_manager.c">
      <Filter>Source Files</Filter>
    </ClCompile>
    <ClCompile Include="..\source\engine\scroll_manager.c">
      <Filter>Source Files</Filter>
    </ClCompile>
    <ClCompile Include="..\source\engine\scroll_utils.c">
      <Filter>Source Files</Filter>
    </ClCompile>
    <ClCompile Include="..\source\engine\terrain_manager.c">
      <Filter>Source Files</Filter>
    </ClCompile>
    <ClCompile Include="..\source\engine\vdptile_manager.c">
      <Filter>Source Files</Filter>
    </ClCompile>
    <ClCompile Include="..\source\engine\debug.c">
      <Filter>Source Files\engine</Filter>
    </ClCompile>
    <ClCompile Include="..\source\engine\animation_utils.c">
      <Filter>Source Files\engine</Filter>
    </ClCompile>
    <ClCompile Include="..\source\engine\commands\background_commands.c">
      <Filter>Source Files\engine</Filter>
    </ClCompile>
    <ClCompile Include="..\source\engine\animation_draw.c">
      <Filter>Source Files\engine</Filter>
    </ClCompile>
    <ClCompile Include="..\source\engine\commands\map_commands.c">
      <Filter>Source Files\engine\commands</Filter>
    </ClCompile>
  </ItemGroup>
  <ItemGroup>
    <None Include="..\..\..\..\sgdk200\src\bmp_a.s">
      <Filter>SGDK</Filter>
    </None>
    <None Include="..\..\..\..\sgdk200\src\dma_a.s">
      <Filter>SGDK</Filter>
    </None>
    <None Include="..\..\..\..\sgdk200\src\kdebug.s">
      <Filter>SGDK</Filter>
    </None>
    <None Include="..\..\..\..\sgdk200\src\maths3D_a.s">
      <Filter>SGDK</Filter>
    </None>
    <None Include="..\..\..\..\sgdk200\src\memory_a.s">
      <Filter>SGDK</Filter>
    </None>
    <None Include="..\..\..\..\sgdk200\src\sram_a.s">
      <Filter>SGDK</Filter>
    </None>
    <None Include="..\..\..\..\sgdk200\src\sys_a.s">
      <Filter>SGDK</Filter>
    </None>
    <None Include="..\..\..\..\sgdk200\src\task.s">
      <Filter>SGDK</Filter>
    </None>
    <None Include="..\..\..\..\sgdk200\src\tools_a.s">
      <Filter>SGDK</Filter>
    </None>
    <None Include="..\..\..\..\sgdk200\src\vdp_tile_a.s">
      <Filter>SGDK</Filter>
    </None>
    <None Include="..\build\deploy.bat">
      <Filter>build</Filter>
    </None>
    <None Include="..\build\makefile.gen">
      <Filter>build</Filter>
    </None>
    <None Include="..\build\rebuild.bat">
      <Filter>build</Filter>
    </None>
    <None Include="..\build\build.bat">
      <Filter>build</Filter>
    </None>
    <None Include="..\build\clean.bat">
      <Filter>build</Filter>
    </None>
    <None Include="..\build\debug.bat">
      <Filter>build</Filter>
    </None>
    <None Include="..\..\..\..\sgdk200\common.mk">
      <Filter>build</Filter>
    </None>
    <None Include="..\build\config.bm">
      <Filter>build</Filter>
    </None>
  </ItemGroup>
</Project>