<?xml version="1.0" encoding="utf-8"?>
<Project ToolsVersion="4.0" xmlns="http://schemas.microsoft.com/developer/msbuild/2003">
  <ItemGroup>
    <Filter Include="Source Files">
      <UniqueIdentifier>{4FC737F1-C7A5-4376-A066-2A32D752A2FF}</UniqueIdentifier>
      <Extensions>cpp;c;cc;cxx;c++;cppm;ixx;def;odl;idl;hpj;bat;asm;asmx</Extensions>
    </Filter>
    <Filter Include="SGDK">
      <UniqueIdentifier>{3810f8e0-a281-42bb-af09-aab61c344848}</UniqueIdentifier>
    </Filter>
    <Filter Include="Source Files\client">
      <UniqueIdentifier>{9d9d7ba4-3c91-452a-a578-01e173ebf998}</UniqueIdentifier>
    </Filter>
    <Filter Include="Source Files\engine">
      <UniqueIdentifier>{9734800b-ebc0-4fd1-a122-27618012852c}</UniqueIdentifier>
    </Filter>
    <Filter Include="build">
      <UniqueIdentifier>{df40eeb1-2c32-4fed-91ef-ed769b9a9179}</UniqueIdentifier>
    </Filter>
    <Filter Include="Source Files\Genesis">
      <UniqueIdentifier>{566db3b1-11da-4abc-b9b4-85a164bfc70f}</UniqueIdentifier>
    </Filter>
    <Filter Include="Source Files\client\exported">
      <UniqueIdentifier>{0a7639e3-8f73-4a86-96dc-6ba9bb6d1f46}</UniqueIdentifier>
    </Filter>
    <Filter Include="Source Files\client\exported\animations">
      <UniqueIdentifier>{d6842396-0cc2-476a-a4e7-8cf7c08f2729}</UniqueIdentifier>
    </Filter>
    <Filter Include="Source Files\client\exported\palettes">
      <UniqueIdentifier>{a18c2c46-f0df-428d-ae10-e30b1e9a7f06}</UniqueIdentifier>
    </Filter>
    <Filter Include="Source Files\client\generated">
      <UniqueIdentifier>{46d7a3a5-9c4e-43af-ae3b-031cb330b182}</UniqueIdentifier>
    </Filter>
  </ItemGroup>
  <ItemGroup>
    <ClInclude Include="..\..\..\..\sgdk200\inc\bmp.h">
      <Filter>SGDK</Filter>
    </ClInclude>
    <ClInclude Include="..\..\..\..\sgdk200\inc\config.h">
      <Filter>SGDK</Filter>
    </ClInclude>
    <ClInclude Include="..\..\..\..\sgdk200\inc\dma.h">
      <Filter>SGDK</Filter>
    </ClInclude>
    <ClInclude Include="..\..\..\..\sgdk200\inc\font.h">
      <Filter>SGDK</Filter>
    </ClInclude>
    <ClInclude Include="..\..\..\..\sgdk200\inc\genesis.h">
      <Filter>SGDK</Filter>
    </ClInclude>
    <ClInclude Include="..\..\..\..\sgdk200\inc\joy.h">
      <Filter>SGDK</Filter>
    </ClInclude>
    <ClInclude Include="..\..\..\..\sgdk200\inc\kdebug.h">
      <Filter>SGDK</Filter>
    </ClInclude>
    <ClInclude Include="..\..\..\..\sgdk200\inc\map.h">
      <Filter>SGDK</Filter>
    </ClInclude>
    <ClInclude Include="..\..\..\..\sgdk200\inc\mapper.h">
      <Filter>SGDK</Filter>
    </ClInclude>
    <ClInclude Include="..\..\..\..\sgdk200\inc\maths.h">
      <Filter>SGDK</Filter>
    </ClInclude>
    <ClInclude Include="..\..\..\..\sgdk200\inc\maths3D.h">
      <Filter>SGDK</Filter>
    </ClInclude>
    <ClInclude Include="..\..\..\..\sgdk200\inc\memory.h">
      <Filter>SGDK</Filter>
    </ClInclude>
    <ClInclude Include="..\..\..\..\sgdk200\inc\memory_base.h">
      <Filter>SGDK</Filter>
    </ClInclude>
    <ClInclude Include="..\..\..\..\sgdk200\inc\object.h">
      <Filter>SGDK</Filter>
    </ClInclude>
    <ClInclude Include="..\..\..\..\sgdk200\inc\pal.h">
      <Filter>SGDK</Filter>
    </ClInclude>
    <ClInclude Include="..\..\..\..\sgdk200\inc\pool.h">
      <Filter>SGDK</Filter>
    </ClInclude>
    <ClInclude Include="..\..\..\..\sgdk200\inc\psg.h">
      <Filter>SGDK</Filter>
    </ClInclude>
    <ClInclude Include="..\..\..\..\sgdk200\inc\sprite_eng.h">
      <Filter>SGDK</Filter>
    </ClInclude>
    <ClInclude Include="..\..\..\..\sgdk200\inc\sprite_eng_legacy.h">
      <Filter>SGDK</Filter>
    </ClInclude>
    <ClInclude Include="..\..\..\..\sgdk200\inc\sram.h">
      <Filter>SGDK</Filter>
    </ClInclude>
    <ClInclude Include="..\..\..\..\sgdk200\inc\string.h">
      <Filter>SGDK</Filter>
    </ClInclude>
    <ClInclude Include="..\..\..\..\sgdk200\inc\sys.h">
      <Filter>SGDK</Filter>
    </ClInclude>
    <ClInclude Include="..\..\..\..\sgdk200\inc\tab_cnv.h">
      <Filter>SGDK</Filter>
    </ClInclude>
    <ClInclude Include="..\..\..\..\sgdk200\inc\task.h">
      <Filter>SGDK</Filter>
    </ClInclude>
    <ClInclude Include="..\..\..\..\sgdk200\inc\task_cst.h">
      <Filter>SGDK</Filter>
    </ClInclude>
    <ClInclude Include="..\..\..\..\sgdk200\inc\timer.h">
      <Filter>SGDK</Filter>
    </ClInclude>
    <ClInclude Include="..\..\..\..\sgdk200\inc\tools.h">
      <Filter>SGDK</Filter>
    </ClInclude>
    <ClInclude Include="..\..\..\..\sgdk200\inc\types.h">
      <Filter>SGDK</Filter>
    </ClInclude>
    <ClInclude Include="..\..\..\..\sgdk200\inc\vdp.h">
      <Filter>SGDK</Filter>
    </ClInclude>
    <ClInclude Include="..\..\..\..\sgdk200\inc\vdp_bg.h">
      <Filter>SGDK</Filter>
    </ClInclude>
    <ClInclude Include="..\..\..\..\sgdk200\inc\vdp_pal.h">
      <Filter>SGDK</Filter>
    </ClInclude>
    <ClInclude Include="..\..\..\..\sgdk200\inc\vdp_spr.h">
      <Filter>SGDK</Filter>
    </ClInclude>
    <ClInclude Include="..\..\..\..\sgdk200\inc\vdp_tile.h">
      <Filter>SGDK</Filter>
    </ClInclude>
    <ClInclude Include="..\..\..\..\sgdk200\inc\vram.h">
      <Filter>SGDK</Filter>
    </ClInclude>
    <ClInclude Include="..\..\..\..\sgdk200\inc\ym2612.h">
      <Filter>SGDK</Filter>
    </ClInclude>
    <ClInclude Include="..\..\..\..\sgdk200\inc\z80_ctrl.h">
      <Filter>SGDK</Filter>
    </ClInclude>
    <ClInclude Include="..\..\..\..\sgdk200\inc\asm.h">
      <Filter>SGDK</Filter>
    </ClInclude>
    <ClInclude Include="..\source\engine\FrameTriggers.h">
      <Filter>Source Files\engine</Filter>
    </ClInclude>
    <ClInclude Include="..\source\engine\palette_types.h">
      <Filter>Source Files\engine</Filter>
    </ClInclude>
    <ClInclude Include="..\source\engine\resource_types.h">
      <Filter>Source Files\engine</Filter>
    </ClInclude>
    <ClInclude Include="..\source\engine\vdptypes.h">
      <Filter>Source Files\engine</Filter>
    </ClInclude>
    <ClInclude Include="..\source\engine\AnimationDraw.h">
      <Filter>Source Files\engine</Filter>
    </ClInclude>
    <ClInclude Include="..\source\engine\AnimationTypes.h">
      <Filter>Source Files\engine</Filter>
    </ClInclude>
    <ClInclude Include="..\source\client\generated\resource_infos.h">
      <Filter>Source Files\client\generated</Filter>
    </ClInclude>
    <ClInclude Include="..\source\client\exported\animations\ruby.h">
      <Filter>Source Files\client\exported\animations</Filter>
    </ClInclude>
    <ClInclude Include="..\source\client\exported\palettes\global_palette.h">
      <Filter>Source Files\client\exported\palettes</Filter>
    </ClInclude>
  </ItemGroup>
  <ItemGroup>
    <ClCompile Include="..\..\..\..\sgdk200\src\dma.c">
      <Filter>SGDK</Filter>
    </ClCompile>
    <ClCompile Include="..\..\..\..\sgdk200\src\joy.c">
      <Filter>SGDK</Filter>
    </ClCompile>
    <ClCompile Include="..\..\..\..\sgdk200\src\map.c">
      <Filter>SGDK</Filter>
    </ClCompile>
    <ClCompile Include="..\..\..\..\sgdk200\src\mapper.c">
      <Filter>SGDK</Filter>
    </ClCompile>
    <ClCompile Include="..\..\..\..\sgdk200\src\maths.c">
      <Filter>SGDK</Filter>
    </ClCompile>
    <ClCompile Include="..\..\..\..\sgdk200\src\maths3D.c">
      <Filter>SGDK</Filter>
    </ClCompile>
    <ClCompile Include="..\..\..\..\sgdk200\src\memory.c">
      <Filter>SGDK</Filter>
    </ClCompile>
    <ClCompile Include="..\..\..\..\sgdk200\src\object.c">
      <Filter>SGDK</Filter>
    </ClCompile>
    <ClCompile Include="..\..\..\..\sgdk200\src\pal.c">
      <Filter>SGDK</Filter>
    </ClCompile>
    <ClCompile Include="..\..\..\..\sgdk200\src\pool.c">
      <Filter>SGDK</Filter>
    </ClCompile>
    <ClCompile Include="..\..\..\..\sgdk200\src\psg.c">
      <Filter>SGDK</Filter>
    </ClCompile>
    <ClCompile Include="..\..\..\..\sgdk200\src\sprite_eng.c">
      <Filter>SGDK</Filter>
    </ClCompile>
    <ClCompile Include="..\..\..\..\sgdk200\src\sprite_eng_legacy.c">
      <Filter>SGDK</Filter>
    </ClCompile>
    <ClCompile Include="..\..\..\..\sgdk200\src\sram.c">
      <Filter>SGDK</Filter>
    </ClCompile>
    <ClCompile Include="..\..\..\..\sgdk200\src\string.c">
      <Filter>SGDK</Filter>
    </ClCompile>
    <ClCompile Include="..\..\..\..\sgdk200\src\sys.c">
      <Filter>SGDK</Filter>
    </ClCompile>
    <ClCompile Include="..\..\..\..\sgdk200\src\tab_cnv.c">
      <Filter>SGDK</Filter>
    </ClCompile>
    <ClCompile Include="..\..\..\..\sgdk200\src\tab_log2.c">
      <Filter>SGDK</Filter>
    </ClCompile>
    <ClCompile Include="..\..\..\..\sgdk200\src\tab_log10.c">
      <Filter>SGDK</Filter>
    </ClCompile>
    <ClCompile Include="..\..\..\..\sgdk200\src\tab_sin.c">
      <Filter>SGDK</Filter>
    </ClCompile>
    <ClCompile Include="..\..\..\..\sgdk200\src\tab_sqrt.c">
      <Filter>SGDK</Filter>
    </ClCompile>
    <ClCompile Include="..\..\..\..\sgdk200\src\timer.c">
      <Filter>SGDK</Filter>
    </ClCompile>
    <ClCompile Include="..\..\..\..\sgdk200\src\tools.c">
      <Filter>SGDK</Filter>
    </ClCompile>
    <ClCompile Include="..\..\..\..\sgdk200\src\types.c">
      <Filter>SGDK</Filter>
    </ClCompile>
    <ClCompile Include="..\..\..\..\sgdk200\src\vdp.c">
      <Filter>SGDK</Filter>
    </ClCompile>
    <ClCompile Include="..\..\..\..\sgdk200\src\vdp_bg.c">
      <Filter>SGDK</Filter>
    </ClCompile>
    <ClCompile Include="..\..\..\..\sgdk200\src\vdp_spr.c">
      <Filter>SGDK</Filter>
    </ClCompile>
    <ClCompile Include="..\..\..\..\sgdk200\src\vdp_tile.c">
      <Filter>SGDK</Filter>
    </ClCompile>
    <ClCompile Include="..\..\..\..\sgdk200\src\vram.c">
      <Filter>SGDK</Filter>
    </ClCompile>
    <ClCompile Include="..\..\..\..\sgdk200\src\ym2612.c">
      <Filter>SGDK</Filter>
    </ClCompile>
    <ClCompile Include="..\..\..\..\sgdk200\src\z80_ctrl.c">
      <Filter>SGDK</Filter>
    </ClCompile>
    <ClCompile Include="..\..\..\..\sgdk200\src\bmp.c">
      <Filter>SGDK</Filter>
    </ClCompile>
    <ClCompile Include="..\source\engine\vdptypes.c">
      <Filter>Source Files\engine</Filter>
    </ClCompile>
    <ClCompile Include="..\source\engine\AnimationDraw.c">
      <Filter>Source Files\engine</Filter>
    </ClCompile>
    <ClCompile Include="..\source\Genesis\main.c">
      <Filter>Source Files\Genesis</Filter>
    </ClCompile>
    <ClCompile Include="..\source\client\generated\resource_infos.c">
      <Filter>Source Files\client\generated</Filter>
    </ClCompile>
    <ClCompile Include="..\source\client\exported\animations\ruby.c">
      <Filter>Source Files\client\exported\animations</Filter>
    </ClCompile>
    <ClCompile Include="..\source\client\exported\palettes\global_palette.c">
      <Filter>Source Files\client\exported\palettes</Filter>
    </ClCompile>
  </ItemGroup>
  <ItemGroup>
    <None Include="..\..\..\..\sgdk200\src\bmp_a.s">
      <Filter>SGDK</Filter>
    </None>
    <None Include="..\..\..\..\sgdk200\src\dma_a.s">
      <Filter>SGDK</Filter>
    </None>
    <None Include="..\..\..\..\sgdk200\src\kdebug.s">
      <Filter>SGDK</Filter>
    </None>
    <None Include="..\..\..\..\sgdk200\src\maths3D_a.s">
      <Filter>SGDK</Filter>
    </None>
    <None Include="..\..\..\..\sgdk200\src\memory_a.s">
      <Filter>SGDK</Filter>
    </None>
    <None Include="..\..\..\..\sgdk200\src\sram_a.s">
      <Filter>SGDK</Filter>
    </None>
    <None Include="..\..\..\..\sgdk200\src\sys_a.s">
      <Filter>SGDK</Filter>
    </None>
    <None Include="..\..\..\..\sgdk200\src\task.s">
      <Filter>SGDK</Filter>
    </None>
    <None Include="..\..\..\..\sgdk200\src\tools_a.s">
      <Filter>SGDK</Filter>
    </None>
    <None Include="..\..\..\..\sgdk200\src\vdp_tile_a.s">
      <Filter>SGDK</Filter>
    </None>
    <None Include="..\build\deploy.bat">
      <Filter>build</Filter>
    </None>
    <None Include="..\build\makefile.gen">
      <Filter>build</Filter>
    </None>
    <None Include="..\build\rebuild.bat">
      <Filter>build</Filter>
    </None>
    <None Include="..\build\build.bat">
      <Filter>build</Filter>
    </None>
    <None Include="..\build\clean.bat">
      <Filter>build</Filter>
    </None>
    <None Include="..\build\debug.bat">
      <Filter>build</Filter>
    </None>
    <None Include="..\..\..\..\sgdk200\common.mk">
      <Filter>build</Filter>
    </None>
  </ItemGroup>
</Project>